
Microsoft Visual Studio Solution File, Format Version 12.00
# Visual Studio Version 16
VisualStudioVersion = 16.0.31729.503
MinimumVisualStudioVersion = 10.0.40219.1
Project("{FAE04EC0-301F-11D3-BF4B-00C04F79EFBC}") = "KompleksniBroj", "KompleksniBroj.csproj", "{FC83C19E-90BF-43F5-963D-95176565B545}"
EndProject
Global
	GlobalSection(SolutionConfigurationPlatforms) = preSolution
		Debug|Any CPU = Debug|Any CPU
		Release|Any CPU = Release|Any CPU
	EndGlobalSection
	GlobalSection(ProjectConfigurationPlatforms) = postSolution
		{FC83C19E-90BF-43F5-963D-95176565B545}.Debug|Any CPU.ActiveCfg = Debug|Any CPU
		{FC83C19E-90BF-43F5-963D-95176565B545}.Debug|Any CPU.Build.0 = Debug|Any CPU
		{FC83C19E-90BF-43F5-963D-95176565B545}.Release|Any CPU.ActiveCfg = Release|Any CPU
		{FC83C19E-90BF-43F5-963D-95176565B545}.Release|Any CPU.Build.0 = Release|Any CPU
	EndGlobalSection
	GlobalSection(SolutionProperties) = preSolution
		HideSolutionNode = FALSE
	EndGlobalSection
	GlobalSection(ExtensibilityGlobals) = postSolution
		SolutionGuid = {625E72D1-A43E-41F8-B7C7-BF79F170E089}
	EndGlobalSection
EndGlobal
